
Microsoft Visual Studio Solution File, Format Version 12.00
# Visual Studio 2013
VisualStudioVersion = 12.0.21005.1
MinimumVisualStudioVersion = 10.0.40219.1
Project("{FAE04EC0-301F-11D3-BF4B-00C04F79EFBC}") = "SfbEnforcer", "SfbEnforcer\SfbEnforcer.csproj", "{92DC92C2-58F1-451A-84B8-EC63D4E760A0}"
EndProject
Project("{FAE04EC0-301F-11D3-BF4B-00C04F79EFBC}") = "Test", "Test\Test.csproj", "{68127D2A-DDA5-4DE5-83C4-0CD713B365A3}"
EndProject
Project("{FAE04EC0-301F-11D3-BF4B-00C04F79EFBC}") = "udpServer", "udpServer\udpServer.csproj", "{7EEF5154-F902-4FEE-BFA7-E59A14BBC559}"
EndProject
Project("{FAE04EC0-301F-11D3-BF4B-00C04F79EFBC}") = "udpClient", "udpClient\udpClient.csproj", "{D4683466-0390-4D19-B1A6-4B16B209155F}"
EndProject
Project("{FAE04EC0-301F-11D3-BF4B-00C04F79EFBC}") = "SfbHttpEnforcer", "SfbHttpEnforcer\SfbHttpEnforcer.csproj", "{DC7F8BFC-5161-47A3-9A21-CF9AC6C62E68}"
EndProject
Project("{FAE04EC0-301F-11D3-BF4B-00C04F79EFBC}") = "sqliteTest", "sqliteTest\sqliteTest.csproj", "{A6DDFD86-E5AB-4997-A86E-84B393221008}"
EndProject
Project("{FAE04EC0-301F-11D3-BF4B-00C04F79EFBC}") = "ViewResource", "ViewResource\ViewResource.csproj", "{5927FD9F-FD22-4223-AC3F-38683B35600F}"
EndProject
Global
	GlobalSection(SolutionConfigurationPlatforms) = preSolution
		Debug|Any CPU = Debug|Any CPU
		Debug|Mixed Platforms = Debug|Mixed Platforms
		Debug|x64 = Debug|x64
		Release|Any CPU = Release|Any CPU
		Release|Mixed Platforms = Release|Mixed Platforms
		Release|x64 = Release|x64
	EndGlobalSection
	GlobalSection(ProjectConfigurationPlatforms) = postSolution
		{92DC92C2-58F1-451A-84B8-EC63D4E760A0}.Debug|Any CPU.ActiveCfg = Debug|Any CPU
		{92DC92C2-58F1-451A-84B8-EC63D4E760A0}.Debug|Any CPU.Build.0 = Debug|Any CPU
		{92DC92C2-58F1-451A-84B8-EC63D4E760A0}.Debug|Mixed Platforms.ActiveCfg = Debug|Any CPU
		{92DC92C2-58F1-451A-84B8-EC63D4E760A0}.Debug|Mixed Platforms.Build.0 = Debug|Any CPU
		{92DC92C2-58F1-451A-84B8-EC63D4E760A0}.Debug|x64.ActiveCfg = Debug|x64
		{92DC92C2-58F1-451A-84B8-EC63D4E760A0}.Debug|x64.Build.0 = Debug|x64
		{92DC92C2-58F1-451A-84B8-EC63D4E760A0}.Release|Any CPU.ActiveCfg = Release|Any CPU
		{92DC92C2-58F1-451A-84B8-EC63D4E760A0}.Release|Any CPU.Build.0 = Release|Any CPU
		{92DC92C2-58F1-451A-84B8-EC63D4E760A0}.Release|Mixed Platforms.ActiveCfg = Release|Any CPU
		{92DC92C2-58F1-451A-84B8-EC63D4E760A0}.Release|Mixed Platforms.Build.0 = Release|Any CPU
		{92DC92C2-58F1-451A-84B8-EC63D4E760A0}.Release|x64.ActiveCfg = Release|x64
		{92DC92C2-58F1-451A-84B8-EC63D4E760A0}.Release|x64.Build.0 = Release|x64
		{68127D2A-DDA5-4DE5-83C4-0CD713B365A3}.Debug|Any CPU.ActiveCfg = Debug|Any CPU
		{68127D2A-DDA5-4DE5-83C4-0CD713B365A3}.Debug|Any CPU.Build.0 = Debug|Any CPU
		{68127D2A-DDA5-4DE5-83C4-0CD713B365A3}.Debug|Mixed Platforms.ActiveCfg = Debug|Any CPU
		{68127D2A-DDA5-4DE5-83C4-0CD713B365A3}.Debug|Mixed Platforms.Build.0 = Debug|Any CPU
		{68127D2A-DDA5-4DE5-83C4-0CD713B365A3}.Debug|x64.ActiveCfg = Debug|Any CPU
		{68127D2A-DDA5-4DE5-83C4-0CD713B365A3}.Release|Any CPU.ActiveCfg = Release|Any CPU
		{68127D2A-DDA5-4DE5-83C4-0CD713B365A3}.Release|Any CPU.Build.0 = Release|Any CPU
		{68127D2A-DDA5-4DE5-83C4-0CD713B365A3}.Release|Mixed Platforms.ActiveCfg = Release|Any CPU
		{68127D2A-DDA5-4DE5-83C4-0CD713B365A3}.Release|Mixed Platforms.Build.0 = Release|Any CPU
		{68127D2A-DDA5-4DE5-83C4-0CD713B365A3}.Release|x64.ActiveCfg = Release|Any CPU
		{7EEF5154-F902-4FEE-BFA7-E59A14BBC559}.Debug|Any CPU.ActiveCfg = Debug|Any CPU
		{7EEF5154-F902-4FEE-BFA7-E59A14BBC559}.Debug|Any CPU.Build.0 = Debug|Any CPU
		{7EEF5154-F902-4FEE-BFA7-E59A14BBC559}.Debug|Mixed Platforms.ActiveCfg = Debug|Any CPU
		{7EEF5154-F902-4FEE-BFA7-E59A14BBC559}.Debug|Mixed Platforms.Build.0 = Debug|Any CPU
		{7EEF5154-F902-4FEE-BFA7-E59A14BBC559}.Debug|x64.ActiveCfg = Debug|Any CPU
		{7EEF5154-F902-4FEE-BFA7-E59A14BBC559}.Release|Any CPU.ActiveCfg = Release|Any CPU
		{7EEF5154-F902-4FEE-BFA7-E59A14BBC559}.Release|Any CPU.Build.0 = Release|Any CPU
		{7EEF5154-F902-4FEE-BFA7-E59A14BBC559}.Release|Mixed Platforms.ActiveCfg = Release|Any CPU
		{7EEF5154-F902-4FEE-BFA7-E59A14BBC559}.Release|Mixed Platforms.Build.0 = Release|Any CPU
		{7EEF5154-F902-4FEE-BFA7-E59A14BBC559}.Release|x64.ActiveCfg = Release|Any CPU
		{D4683466-0390-4D19-B1A6-4B16B209155F}.Debug|Any CPU.ActiveCfg = Debug|Any CPU
		{D4683466-0390-4D19-B1A6-4B16B209155F}.Debug|Any CPU.Build.0 = Debug|Any CPU
		{D4683466-0390-4D19-B1A6-4B16B209155F}.Debug|Mixed Platforms.ActiveCfg = Debug|Any CPU
		{D4683466-0390-4D19-B1A6-4B16B209155F}.Debug|Mixed Platforms.Build.0 = Debug|Any CPU
		{D4683466-0390-4D19-B1A6-4B16B209155F}.Debug|x64.ActiveCfg = Debug|Any CPU
		{D4683466-0390-4D19-B1A6-4B16B209155F}.Release|Any CPU.ActiveCfg = Release|Any CPU
		{D4683466-0390-4D19-B1A6-4B16B209155F}.Release|Any CPU.Build.0 = Release|Any CPU
		{D4683466-0390-4D19-B1A6-4B16B209155F}.Release|Mixed Platforms.ActiveCfg = Release|Any CPU
		{D4683466-0390-4D19-B1A6-4B16B209155F}.Release|Mixed Platforms.Build.0 = Release|Any CPU
		{D4683466-0390-4D19-B1A6-4B16B209155F}.Release|x64.ActiveCfg = Release|Any CPU
		{DC7F8BFC-5161-47A3-9A21-CF9AC6C62E68}.Debug|Any CPU.ActiveCfg = Debug|Any CPU
		{DC7F8BFC-5161-47A3-9A21-CF9AC6C62E68}.Debug|Any CPU.Build.0 = Debug|Any CPU
		{DC7F8BFC-5161-47A3-9A21-CF9AC6C62E68}.Debug|Mixed Platforms.ActiveCfg = Debug|Any CPU
		{DC7F8BFC-5161-47A3-9A21-CF9AC6C62E68}.Debug|Mixed Platforms.Build.0 = Debug|Any CPU
		{DC7F8BFC-5161-47A3-9A21-CF9AC6C62E68}.Debug|x64.ActiveCfg = Debug|Any CPU
		{DC7F8BFC-5161-47A3-9A21-CF9AC6C62E68}.Release|Any CPU.ActiveCfg = Release|Any CPU
		{DC7F8BFC-5161-47A3-9A21-CF9AC6C62E68}.Release|Any CPU.Build.0 = Release|Any CPU
		{DC7F8BFC-5161-47A3-9A21-CF9AC6C62E68}.Release|Mixed Platforms.ActiveCfg = Release|Any CPU
		{DC7F8BFC-5161-47A3-9A21-CF9AC6C62E68}.Release|Mixed Platforms.Build.0 = Release|Any CPU
		{DC7F8BFC-5161-47A3-9A21-CF9AC6C62E68}.Release|x64.ActiveCfg = Release|x64
		{A6DDFD86-E5AB-4997-A86E-84B393221008}.Debug|Any CPU.ActiveCfg = Debug|Any CPU
		{A6DDFD86-E5AB-4997-A86E-84B393221008}.Debug|Any CPU.Build.0 = Debug|Any CPU
		{A6DDFD86-E5AB-4997-A86E-84B393221008}.Debug|Mixed Platforms.ActiveCfg = Debug|Any CPU
		{A6DDFD86-E5AB-4997-A86E-84B393221008}.Debug|Mixed Platforms.Build.0 = Debug|Any CPU
		{A6DDFD86-E5AB-4997-A86E-84B393221008}.Debug|x64.ActiveCfg = Debug|Any CPU
		{A6DDFD86-E5AB-4997-A86E-84B393221008}.Release|Any CPU.ActiveCfg = Release|Any CPU
		{A6DDFD86-E5AB-4997-A86E-84B393221008}.Release|Any CPU.Build.0 = Release|Any CPU
		{A6DDFD86-E5AB-4997-A86E-84B393221008}.Release|Mixed Platforms.ActiveCfg = Release|Any CPU
		{A6DDFD86-E5AB-4997-A86E-84B393221008}.Release|Mixed Platforms.Build.0 = Release|Any CPU
		{A6DDFD86-E5AB-4997-A86E-84B393221008}.Release|x64.ActiveCfg = Release|x64
		{5927FD9F-FD22-4223-AC3F-38683B35600F}.Debug|Any CPU.ActiveCfg = Debug|Any CPU
		{5927FD9F-FD22-4223-AC3F-38683B35600F}.Debug|Any CPU.Build.0 = Debug|Any CPU
		{5927FD9F-FD22-4223-AC3F-38683B35600F}.Debug|Mixed Platforms.ActiveCfg = Debug|Any CPU
		{5927FD9F-FD22-4223-AC3F-38683B35600F}.Debug|Mixed Platforms.Build.0 = Debug|Any CPU
		{5927FD9F-FD22-4223-AC3F-38683B35600F}.Debug|x64.ActiveCfg = Debug|Any CPU
		{5927FD9F-FD22-4223-AC3F-38683B35600F}.Release|Any CPU.ActiveCfg = Release|Any CPU
		{5927FD9F-FD22-4223-AC3F-38683B35600F}.Release|Any CPU.Build.0 = Release|Any CPU
		{5927FD9F-FD22-4223-AC3F-38683B35600F}.Release|Mixed Platforms.ActiveCfg = Release|Any CPU
		{5927FD9F-FD22-4223-AC3F-38683B35600F}.Release|Mixed Platforms.Build.0 = Release|Any CPU
		{5927FD9F-FD22-4223-AC3F-38683B35600F}.Release|x64.ActiveCfg = Release|x64
	EndGlobalSection
	GlobalSection(SolutionProperties) = preSolution
		HideSolutionNode = FALSE
	EndGlobalSection
EndGlobal
